
Microsoft Visual Studio Solution File, Format Version 12.00
# Visual Studio Version 17
VisualStudioVersion = 17.10.35027.167
MinimumVisualStudioVersion = 10.0.40219.1
Project("{2150E333-8FDC-42A3-9474-1A3956D46DE8}") = "Src", "Src", "{8D2A9C7B-0DF6-4AC4-94B7-C836633847AC}"
EndProject
Project("{2150E333-8FDC-42A3-9474-1A3956D46DE8}") = "Core", "Core", "{3627AA22-52B4-402C-A751-B2D9600F666D}"
EndProject
Project("{2150E333-8FDC-42A3-9474-1A3956D46DE8}") = "Infrastructure", "Infrastructure", "{5983E4A5-65D8-44B5-BA1E-E80E540E8C02}"
EndProject
Project("{2150E333-8FDC-42A3-9474-1A3956D46DE8}") = "Presentation", "Presentation", "{9F9EEA0A-BCB3-4B8F-83FA-85DD59C4EC52}"
EndProject
Project("{9A19103F-16F7-4668-BE54-9A1E7A4F7556}") = "Domain", "Domain\Domain.csproj", "{8F11745C-DDF9-44EC-9935-5E9ABDC8065E}"
EndProject
Project("{9A19103F-16F7-4668-BE54-9A1E7A4F7556}") = "Application", "Application\Application.csproj", "{BE9EF5D2-CA69-42E9-985C-FFB9F01A3C99}"
EndProject
Project("{9A19103F-16F7-4668-BE54-9A1E7A4F7556}") = "Infrastructure", "Infrastructure\Infrastructure.csproj", "{21AD4693-DA51-41A7-A52B-BFE603F08C13}"
EndProject
Project("{9A19103F-16F7-4668-BE54-9A1E7A4F7556}") = "Persistent", "Persistent\Persistent.csproj", "{61B572CB-6979-4B3B-B668-787400A42827}"
EndProject
Project("{9A19103F-16F7-4668-BE54-9A1E7A4F7556}") = "WebApi", "WebApi\WebApi.csproj", "{B84B69B1-79E9-4755-BFD7-E8587564EB5D}"
EndProject
Global
	GlobalSection(SolutionConfigurationPlatforms) = preSolution
		Debug|Any CPU = Debug|Any CPU
		Release|Any CPU = Release|Any CPU
	EndGlobalSection
	GlobalSection(ProjectConfigurationPlatforms) = postSolution
		{8F11745C-DDF9-44EC-9935-5E9ABDC8065E}.Debug|Any CPU.ActiveCfg = Debug|Any CPU
		{8F11745C-DDF9-44EC-9935-5E9ABDC8065E}.Debug|Any CPU.Build.0 = Debug|Any CPU
		{8F11745C-DDF9-44EC-9935-5E9ABDC8065E}.Release|Any CPU.ActiveCfg = Release|Any CPU
		{8F11745C-DDF9-44EC-9935-5E9ABDC8065E}.Release|Any CPU.Build.0 = Release|Any CPU
		{BE9EF5D2-CA69-42E9-985C-FFB9F01A3C99}.Debug|Any CPU.ActiveCfg = Debug|Any CPU
		{BE9EF5D2-CA69-42E9-985C-FFB9F01A3C99}.Debug|Any CPU.Build.0 = Debug|Any CPU
		{BE9EF5D2-CA69-42E9-985C-FFB9F01A3C99}.Release|Any CPU.ActiveCfg = Release|Any CPU
		{BE9EF5D2-CA69-42E9-985C-FFB9F01A3C99}.Release|Any CPU.Build.0 = Release|Any CPU
		{21AD4693-DA51-41A7-A52B-BFE603F08C13}.Debug|Any CPU.ActiveCfg = Debug|Any CPU
		{21AD4693-DA51-41A7-A52B-BFE603F08C13}.Debug|Any CPU.Build.0 = Debug|Any CPU
		{21AD4693-DA51-41A7-A52B-BFE603F08C13}.Release|Any CPU.ActiveCfg = Release|Any CPU
		{21AD4693-DA51-41A7-A52B-BFE603F08C13}.Release|Any CPU.Build.0 = Release|Any CPU
		{61B572CB-6979-4B3B-B668-787400A42827}.Debug|Any CPU.ActiveCfg = Debug|Any CPU
		{61B572CB-6979-4B3B-B668-787400A42827}.Debug|Any CPU.Build.0 = Debug|Any CPU
		{61B572CB-6979-4B3B-B668-787400A42827}.Release|Any CPU.ActiveCfg = Release|Any CPU
		{61B572CB-6979-4B3B-B668-787400A42827}.Release|Any CPU.Build.0 = Release|Any CPU
		{B84B69B1-79E9-4755-BFD7-E8587564EB5D}.Debug|Any CPU.ActiveCfg = Debug|Any CPU
		{B84B69B1-79E9-4755-BFD7-E8587564EB5D}.Debug|Any CPU.Build.0 = Debug|Any CPU
		{B84B69B1-79E9-4755-BFD7-E8587564EB5D}.Release|Any CPU.ActiveCfg = Release|Any CPU
		{B84B69B1-79E9-4755-BFD7-E8587564EB5D}.Release|Any CPU.Build.0 = Release|Any CPU
	EndGlobalSection
	GlobalSection(SolutionProperties) = preSolution
		HideSolutionNode = FALSE
	EndGlobalSection
	GlobalSection(NestedProjects) = preSolution
		{3627AA22-52B4-402C-A751-B2D9600F666D} = {8D2A9C7B-0DF6-4AC4-94B7-C836633847AC}
		{5983E4A5-65D8-44B5-BA1E-E80E540E8C02} = {8D2A9C7B-0DF6-4AC4-94B7-C836633847AC}
		{9F9EEA0A-BCB3-4B8F-83FA-85DD59C4EC52} = {8D2A9C7B-0DF6-4AC4-94B7-C836633847AC}
		{8F11745C-DDF9-44EC-9935-5E9ABDC8065E} = {3627AA22-52B4-402C-A751-B2D9600F666D}
		{BE9EF5D2-CA69-42E9-985C-FFB9F01A3C99} = {3627AA22-52B4-402C-A751-B2D9600F666D}
		{21AD4693-DA51-41A7-A52B-BFE603F08C13} = {5983E4A5-65D8-44B5-BA1E-E80E540E8C02}
		{61B572CB-6979-4B3B-B668-787400A42827} = {5983E4A5-65D8-44B5-BA1E-E80E540E8C02}
		{B84B69B1-79E9-4755-BFD7-E8587564EB5D} = {9F9EEA0A-BCB3-4B8F-83FA-85DD59C4EC52}
	EndGlobalSection
	GlobalSection(ExtensibilityGlobals) = postSolution
		SolutionGuid = {36D422D6-8C79-4AE3-AC83-F4992BB93DEC}
	EndGlobalSection
EndGlobal
